
Microsoft Visual Studio Solution File, Format Version 12.00
# Visual Studio Version 17
VisualStudioVersion = 17.0.31903.59
MinimumVisualStudioVersion = 10.0.40219.1
Project("{2150E333-8FDC-42A3-9474-1A3956D46DE8}") = "src", "src", "{C204874B-1120-4DD0-A25F-75719AFB4B58}"
EndProject
Project("{9A19103F-16F7-4668-BE54-9A1E7A4F7556}") = "FileOps", "src\FileOps\FileOps.csproj", "{56FEA86D-93BA-4CE8-B1FC-91A54BAB56EE}"
EndProject
Project("{9A19103F-16F7-4668-BE54-9A1E7A4F7556}") = "FileOps.Core", "src\FileOps.Core\FileOps.Core.csproj", "{3FA355CD-410B-40D8-A56C-65F4DB4E8D4D}"
EndProject
Project("{2150E333-8FDC-42A3-9474-1A3956D46DE8}") = "Tests", "Tests", "{811F0BA0-EADB-49E1-B697-E5E959300824}"
EndProject
Project("{9A19103F-16F7-4668-BE54-9A1E7A4F7556}") = "FileOps.Tests", "Tests\FileOps.Tests\FileOps.Tests.csproj", "{04C89A87-02C6-4AAB-BE01-DCD0B83BA50E}"
EndProject
Project("{2150E333-8FDC-42A3-9474-1A3956D46DE8}") = ".github", ".github", "{9758CD38-E6D8-487A-BAB7-0E36F804DAC6}"
EndProject
Project("{2150E333-8FDC-42A3-9474-1A3956D46DE8}") = "workflows", "workflows", "{D33AB681-4DFD-46D2-B42A-366759576468}"
	ProjectSection(SolutionItems) = preProject
		build.yml = build.yml
	EndProjectSection
EndProject
Global
	GlobalSection(SolutionConfigurationPlatforms) = preSolution
		Debug|Any CPU = Debug|Any CPU
		Release|Any CPU = Release|Any CPU
	EndGlobalSection
	GlobalSection(ProjectConfigurationPlatforms) = postSolution
		{56FEA86D-93BA-4CE8-B1FC-91A54BAB56EE}.Debug|Any CPU.ActiveCfg = Debug|Any CPU
		{56FEA86D-93BA-4CE8-B1FC-91A54BAB56EE}.Debug|Any CPU.Build.0 = Debug|Any CPU
		{56FEA86D-93BA-4CE8-B1FC-91A54BAB56EE}.Release|Any CPU.ActiveCfg = Release|Any CPU
		{56FEA86D-93BA-4CE8-B1FC-91A54BAB56EE}.Release|Any CPU.Build.0 = Release|Any CPU
		{3FA355CD-410B-40D8-A56C-65F4DB4E8D4D}.Debug|Any CPU.ActiveCfg = Debug|Any CPU
		{3FA355CD-410B-40D8-A56C-65F4DB4E8D4D}.Debug|Any CPU.Build.0 = Debug|Any CPU
		{3FA355CD-410B-40D8-A56C-65F4DB4E8D4D}.Release|Any CPU.ActiveCfg = Release|Any CPU
		{3FA355CD-410B-40D8-A56C-65F4DB4E8D4D}.Release|Any CPU.Build.0 = Release|Any CPU
		{04C89A87-02C6-4AAB-BE01-DCD0B83BA50E}.Debug|Any CPU.ActiveCfg = Debug|Any CPU
		{04C89A87-02C6-4AAB-BE01-DCD0B83BA50E}.Debug|Any CPU.Build.0 = Debug|Any CPU
		{04C89A87-02C6-4AAB-BE01-DCD0B83BA50E}.Release|Any CPU.ActiveCfg = Release|Any CPU
		{04C89A87-02C6-4AAB-BE01-DCD0B83BA50E}.Release|Any CPU.Build.0 = Release|Any CPU
	EndGlobalSection
	GlobalSection(SolutionProperties) = preSolution
		HideSolutionNode = FALSE
	EndGlobalSection
	GlobalSection(NestedProjects) = preSolution
		{56FEA86D-93BA-4CE8-B1FC-91A54BAB56EE} = {C204874B-1120-4DD0-A25F-75719AFB4B58}
		{3FA355CD-410B-40D8-A56C-65F4DB4E8D4D} = {C204874B-1120-4DD0-A25F-75719AFB4B58}
		{04C89A87-02C6-4AAB-BE01-DCD0B83BA50E} = {811F0BA0-EADB-49E1-B697-E5E959300824}
		{D33AB681-4DFD-46D2-B42A-366759576468} = {9758CD38-E6D8-487A-BAB7-0E36F804DAC6}
	EndGlobalSection
EndGlobal
